
Microsoft Visual Studio Solution File, Format Version 12.00
# Visual Studio Version 17
VisualStudioVersion = 17.0.31808.319
MinimumVisualStudioVersion = 10.0.40219.1
Project("{FAE04EC0-301F-11D3-BF4B-00C04F79EFBC}") = "WindowsFormsApps", "WindowsFormsApps\WindowsFormsApps.csproj", "{837063D5-270F-4CFC-ABB0-EE2DE35FFAF2}"
EndProject
Project("{FAE04EC0-301F-11D3-BF4B-00C04F79EFBC}") = "DemNguocTet", "DemNguocTet\DemNguocTet.csproj", "{3672CFA0-EC85-4A99-831F-48308F27DA59}"
EndProject
Project("{FAE04EC0-301F-11D3-BF4B-00C04F79EFBC}") = "TreeViewApp", "TreeViewApp\TreeViewApp.csproj", "{B3D5862A-740E-402C-8C88-C574C4E2F264}"
EndProject
Global
	GlobalSection(SolutionConfigurationPlatforms) = preSolution
		Debug|Any CPU = Debug|Any CPU
		Release|Any CPU = Release|Any CPU
	EndGlobalSection
	GlobalSection(ProjectConfigurationPlatforms) = postSolution
		{837063D5-270F-4CFC-ABB0-EE2DE35FFAF2}.Debug|Any CPU.ActiveCfg = Debug|Any CPU
		{837063D5-270F-4CFC-ABB0-EE2DE35FFAF2}.Debug|Any CPU.Build.0 = Debug|Any CPU
		{837063D5-270F-4CFC-ABB0-EE2DE35FFAF2}.Release|Any CPU.ActiveCfg = Release|Any CPU
		{837063D5-270F-4CFC-ABB0-EE2DE35FFAF2}.Release|Any CPU.Build.0 = Release|Any CPU
		{3672CFA0-EC85-4A99-831F-48308F27DA59}.Debug|Any CPU.ActiveCfg = Debug|Any CPU
		{3672CFA0-EC85-4A99-831F-48308F27DA59}.Debug|Any CPU.Build.0 = Debug|Any CPU
		{3672CFA0-EC85-4A99-831F-48308F27DA59}.Release|Any CPU.ActiveCfg = Release|Any CPU
		{3672CFA0-EC85-4A99-831F-48308F27DA59}.Release|Any CPU.Build.0 = Release|Any CPU
		{B3D5862A-740E-402C-8C88-C574C4E2F264}.Debug|Any CPU.ActiveCfg = Debug|Any CPU
		{B3D5862A-740E-402C-8C88-C574C4E2F264}.Debug|Any CPU.Build.0 = Debug|Any CPU
		{B3D5862A-740E-402C-8C88-C574C4E2F264}.Release|Any CPU.ActiveCfg = Release|Any CPU
		{B3D5862A-740E-402C-8C88-C574C4E2F264}.Release|Any CPU.Build.0 = Release|Any CPU
	EndGlobalSection
	GlobalSection(SolutionProperties) = preSolution
		HideSolutionNode = FALSE
	EndGlobalSection
	GlobalSection(ExtensibilityGlobals) = postSolution
		SolutionGuid = {47C57666-F837-4C38-9665-256EBFED3204}
	EndGlobalSection
EndGlobal
